<?xml version="1.0" encoding="utf-8"?>
<Project ToolsVersion="4.0" xmlns="http://schemas.microsoft.com/developer/msbuild/2003">
  <ItemGroup>
    <Filter Include="Source Files">
      <UniqueIdentifier>{4FC737F1-C7A5-4376-A066-2A32D752A2FF}</UniqueIdentifier>
      <Extensions>cpp;c;cc;cxx;def;odl;idl;hpj;bat;asm;asmx</Extensions>
    </Filter>
    <Filter Include="Resource Files">
      <UniqueIdentifier>{67DA6AB6-F800-4c08-8B7A-83BB121AAD01}</UniqueIdentifier>
      <Extensions>rc;ico;cur;bmp;dlg;rc2;rct;bin;rgs;gif;jpg;jpeg;jpe;resx;tiff;tif;png;wav;mfcribbon-ms</Extensions>
    </Filter>
    <Filter Include="Source Files\GameObject">
      <UniqueIdentifier>{fe0baf9a-b1ef-4da3-8f4b-ab28ee6ed283}</UniqueIdentifier>
    </Filter>
    <Filter Include="Source Files\GameObject\Mario">
      <UniqueIdentifier>{170c35b8-72f5-4a0a-9677-42df1fb8784e}</UniqueIdentifier>
    </Filter>
    <Filter Include="Source Files\GameObject\Mob">
      <UniqueIdentifier>{beba920b-92a7-424a-bf1c-3a9913309a55}</UniqueIdentifier>
    </Filter>
    <Filter Include="Source Files\GameObject\Mob\Goomba">
      <UniqueIdentifier>{4e46891e-0d9b-4ffa-8b1c-2d2d8941ea40}</UniqueIdentifier>
    </Filter>
    <Filter Include="Source Files\GameObject\Brick">
      <UniqueIdentifier>{b902d96a-f327-4e10-b513-f93236c71a83}</UniqueIdentifier>
    </Filter>
    <Filter Include="Source Files\Sprite">
      <UniqueIdentifier>{a6e2ae57-ba99-4b99-a0e5-669fe8d450c1}</UniqueIdentifier>
    </Filter>
    <Filter Include="Source Files\Init">
      <UniqueIdentifier>{d4e90025-5c60-4712-be9e-67ba98cc9ae2}</UniqueIdentifier>
    </Filter>
  </ItemGroup>
  <ItemGroup>
    <ClInclude Include="Mario.h">
      <Filter>Source Files\GameObject\Mario</Filter>
    </ClInclude>
    <ClInclude Include="Goomba.h">
      <Filter>Source Files\GameObject\Mob\Goomba</Filter>
    </ClInclude>
    <ClInclude Include="GameObject.h">
      <Filter>Source Files\GameObject</Filter>
    </ClInclude>
    <ClInclude Include="Textures.h">
      <Filter>Source Files\Sprite</Filter>
    </ClInclude>
    <ClInclude Include="Sprites.h">
      <Filter>Source Files\Sprite</Filter>
    </ClInclude>
    <ClInclude Include="Brick.h">
      <Filter>Source Files\GameObject\Brick</Filter>
    </ClInclude>
    <ClInclude Include="debug.h">
      <Filter>Source Files\Init</Filter>
    </ClInclude>
    <ClInclude Include="Game.h">
      <Filter>Source Files\Init</Filter>
    </ClInclude>
  </ItemGroup>
  <ItemGroup>
    <ClCompile Include="main.cpp">
      <Filter>Source Files</Filter>
    </ClCompile>
    <ClCompile Include="Mario.cpp">
      <Filter>Source Files\GameObject\Mario</Filter>
    </ClCompile>
    <ClCompile Include="Goomba.cpp">
      <Filter>Source Files\GameObject\Mob\Goomba</Filter>
    </ClCompile>
    <ClCompile Include="GameObject.cpp">
      <Filter>Source Files\GameObject</Filter>
    </ClCompile>
    <ClCompile Include="Sprites.cpp">
      <Filter>Source Files\Sprite</Filter>
    </ClCompile>
    <ClCompile Include="Textures.cpp">
      <Filter>Source Files\Sprite</Filter>
    </ClCompile>
    <ClCompile Include="Brick.cpp">
      <Filter>Source Files\GameObject\Brick</Filter>
    </ClCompile>
    <ClCompile Include="debug.cpp">
      <Filter>Source Files\Init</Filter>
    </ClCompile>
    <ClCompile Include="Game.cpp">
      <Filter>Source Files\Init</Filter>
    </ClCompile>
  </ItemGroup>
</Project>